
Microsoft Visual Studio Solution File, Format Version 12.00
# Visual Studio Version 16
VisualStudioVersion = 16.0.30011.22
MinimumVisualStudioVersion = 10.0.40219.1
Project("{FAE04EC0-301F-11D3-BF4B-00C04F79EFBC}") = "Aulas", "Aulas\Aulas.csproj", "{50FE7189-C750-484E-8C15-0E7EA9357E7F}"
EndProject
Global
	GlobalSection(SolutionConfigurationPlatforms) = preSolution
		Debug|Any CPU = Debug|Any CPU
		Release|Any CPU = Release|Any CPU
	EndGlobalSection
	GlobalSection(ProjectConfigurationPlatforms) = postSolution
		{50FE7189-C750-484E-8C15-0E7EA9357E7F}.Debug|Any CPU.ActiveCfg = Debug|Any CPU
		{50FE7189-C750-484E-8C15-0E7EA9357E7F}.Debug|Any CPU.Build.0 = Debug|Any CPU
		{50FE7189-C750-484E-8C15-0E7EA9357E7F}.Release|Any CPU.ActiveCfg = Release|Any CPU
		{50FE7189-C750-484E-8C15-0E7EA9357E7F}.Release|Any CPU.Build.0 = Release|Any CPU
	EndGlobalSection
	GlobalSection(SolutionProperties) = preSolution
		HideSolutionNode = FALSE
	EndGlobalSection
	GlobalSection(ExtensibilityGlobals) = postSolution
		SolutionGuid = {6A7A9BBA-3B90-4195-91B1-7A3229B28C0D}
	EndGlobalSection
EndGlobal
